
Microsoft Visual Studio Solution File, Format Version 12.00
# Visual Studio Version 17
VisualStudioVersion = 17.9.34728.123
MinimumVisualStudioVersion = 10.0.40219.1
Project("{FAE04EC0-301F-11D3-BF4B-00C04F79EFBC}") = "PCCO104L.Activity.7", "PCCO104L.Activity.7\PCCO104L.Activity.7.csproj", "{BFE7D2D7-F83C-48B3-B47A-8233F5FD559A}"
EndProject
Global
	GlobalSection(SolutionConfigurationPlatforms) = preSolution
		Debug|Any CPU = Debug|Any CPU
		Release|Any CPU = Release|Any CPU
	EndGlobalSection
	GlobalSection(ProjectConfigurationPlatforms) = postSolution
		{BFE7D2D7-F83C-48B3-B47A-8233F5FD559A}.Debug|Any CPU.ActiveCfg = Debug|Any CPU
		{BFE7D2D7-F83C-48B3-B47A-8233F5FD559A}.Debug|Any CPU.Build.0 = Debug|Any CPU
		{BFE7D2D7-F83C-48B3-B47A-8233F5FD559A}.Release|Any CPU.ActiveCfg = Release|Any CPU
		{BFE7D2D7-F83C-48B3-B47A-8233F5FD559A}.Release|Any CPU.Build.0 = Release|Any CPU
	EndGlobalSection
	GlobalSection(SolutionProperties) = preSolution
		HideSolutionNode = FALSE
	EndGlobalSection
	GlobalSection(ExtensibilityGlobals) = postSolution
		SolutionGuid = {EB21E36D-2FDA-4DAB-85C6-B13383398B0E}
	EndGlobalSection
EndGlobal
